{
  "requires": true,
  "lockfileVersion": 1,
  "dependencies": {
    "xterm-addon-attach": {
      "version": "0.3.0",
      "resolved": "https://registry.npmjs.org/xterm-addon-attach/-/xterm-addon-attach-0.3.0.tgz",
      "integrity": "sha512-uX1fFtnmhreb9jmUtwfDzAIRD8yL5bWw3yJWkPSHQB85o+Ug3i0sQci7X9xTdZfnY4IDh//u1QR58EvtDTrCAA=="
    },
    "xterm-addon-fit": {
      "version": "0.3.0",
      "resolved": "https://registry.npmjs.org/xterm-addon-fit/-/xterm-addon-fit-0.3.0.tgz",
      "integrity": "sha512-kvkiqHVrnMXgyCH9Xn0BOBJ7XaWC/4BgpSWQy3SueqximgW630t/QOankgqkvk11iTOCwWdAY9DTyQBXUMN3lw=="
    }
  }
}
